
Microsoft Visual Studio Solution File, Format Version 12.00
# Visual Studio Version 16
VisualStudioVersion = 16.0.30225.117
MinimumVisualStudioVersion = 10.0.40219.1
Project("{9A19103F-16F7-4668-BE54-9A1E7A4F7556}") = "Backend", "Backend\Backend.csproj", "{4C8329B6-3AE0-42A9-AD86-559F96E9DD25}"
EndProject
Project("{FAE04EC0-301F-11D3-BF4B-00C04F79EFBC}") = "Tests", "Tests\Tests.csproj", "{FD34B5B0-C7C2-4D18-9C5A-21483368FF3D}"
EndProject
Global
	GlobalSection(SolutionConfigurationPlatforms) = preSolution
		Debug|Any CPU = Debug|Any CPU
		Release|Any CPU = Release|Any CPU
	EndGlobalSection
	GlobalSection(ProjectConfigurationPlatforms) = postSolution
		{4C8329B6-3AE0-42A9-AD86-559F96E9DD25}.Debug|Any CPU.ActiveCfg = Debug|Any CPU
		{4C8329B6-3AE0-42A9-AD86-559F96E9DD25}.Debug|Any CPU.Build.0 = Debug|Any CPU
		{4C8329B6-3AE0-42A9-AD86-559F96E9DD25}.Release|Any CPU.ActiveCfg = Release|Any CPU
		{4C8329B6-3AE0-42A9-AD86-559F96E9DD25}.Release|Any CPU.Build.0 = Release|Any CPU
		{FD34B5B0-C7C2-4D18-9C5A-21483368FF3D}.Debug|Any CPU.ActiveCfg = Debug|Any CPU
		{FD34B5B0-C7C2-4D18-9C5A-21483368FF3D}.Debug|Any CPU.Build.0 = Debug|Any CPU
		{FD34B5B0-C7C2-4D18-9C5A-21483368FF3D}.Release|Any CPU.ActiveCfg = Release|Any CPU
		{FD34B5B0-C7C2-4D18-9C5A-21483368FF3D}.Release|Any CPU.Build.0 = Release|Any CPU
	EndGlobalSection
	GlobalSection(SolutionProperties) = preSolution
		HideSolutionNode = FALSE
	EndGlobalSection
	GlobalSection(ExtensibilityGlobals) = postSolution
		SolutionGuid = {782AC57B-4F0D-4C64-B00E-5F04120A0878}
	EndGlobalSection
EndGlobal
